// !$*UTF8*$!
{
	archiveVersion = 1;
	classes = {
	};
	objectVersion = 46;
	objects = {

/* Begin PBXBuildFile section */
		21943E641D9AC1E0002A3769 /* AppDelegate.swift in Sources */ = {isa = PBXBuildFile; fileRef = 21943E631D9AC1E0002A3769 /* AppDelegate.swift */; };
		21943E661D9AC1E0002A3769 /* ViewController.swift in Sources */ = {isa = PBXBuildFile; fileRef = 21943E651D9AC1E0002A3769 /* ViewController.swift */; };
		21943E691D9AC1E0002A3769 /* Main.storyboard in Resources */ = {isa = PBXBuildFile; fileRef = 21943E671D9AC1E0002A3769 /* Main.storyboard */; };
		21943E6B1D9AC1E0002A3769 /* Assets.xcassets in Resources */ = {isa = PBXBuildFile; fileRef = 21943E6A1D9AC1E0002A3769 /* Assets.xcassets */; };
		21943E6E1D9AC1E0002A3769 /* LaunchScreen.storyboard in Resources */ = {isa = PBXBuildFile; fileRef = 21943E6C1D9AC1E0002A3769 /* LaunchScreen.storyboard */; };
/* End PBXBuildFile section */

/* Begin PBXFileReference section */
		21943E601D9AC1DF002A3769 /* collaboration-test.app */ = {isa = PBXFileReference; explicitFileType = wrapper.application; includeInIndex = 0; path = "collaboration-test.app"; sourceTree = BUILT_PRODUCTS_DIR; };
		21943E631D9AC1E0002A3769 /* AppDelegate.swift */ = {isa = PBXFileReference; lastKnownFileType = sourcecode.swift; path = AppDelegate.swift; sourceTree = "<group>"; };
		21943E651D9AC1E0002A3769 /* ViewController.swift */ = {isa = PBXFileReference; lastKnownFileType = sourcecode.swift; path = ViewController.swift; sourceTree = "<group>"; };
		21943E681D9AC1E0002A3769 /* Base */ = {isa = PBXFileReference; lastKnownFileType = file.storyboard; name = Base; path = Base.lproj/Main.storyboard; sourceTree = "<group>"; };
		21943E6A1D9AC1E0002A3769 /* Assets.xcassets */ = {isa = PBXFileReference; lastKnownFileType = folder.assetcatalog; path = Assets.xcassets; sourceTree = "<group>"; };
		21943E6D1D9AC1E0002A3769 /* Base */ = {isa = PBXFileReference; lastKnownFileType = file.storyboard; name = Base; path = Base.lproj/LaunchScreen.storyboard; sourceTree = "<group>"; };
		21943E6F1D9AC1E0002A3769 /* Info.plist */ = {isa = PBXFileReference; lastKnownFileType = text.plist.xml; path = Info.plist; sourceTree = "<group>"; };
/* End PBXFileReference section */

/* Begin PBXFrameworksBuildPhase section */
		21943E5D1D9AC1DF002A3769 /* Frameworks */ = {
			isa = PBXFrameworksBuildPhase;
			buildActionMask = 2147483647;
			files = (
			);
			runOnlyForDeploymentPostprocessing = 0;
		};
/* End PBXFrameworksBuildPhase section */

/* Begin PBXGroup section */
		21943E571D9AC1DF002A3769 = {
			isa = PBXGroup;
			children = (
				21943E621D9AC1DF002A3769 /* collaboration-test */,
				21943E611D9AC1DF002A3769 /* Products */,
			);
			sourceTree = "<group>";
		};
		21943E611D9AC1DF002A3769 /* Products */ = {
			isa = PBXGroup;
			children = (
				21943E601D9AC1DF002A3769 /* collaboration-test.app */,
			);
			name = Products;
			sourceTree = "<group>";
		};
		21943E621D9AC1DF002A3769 /* collaboration-test */ = {
			isa = PBXGroup;
			children = (
				21943E631D9AC1E0002A3769 /* AppDelegate.swift */,
				21943E651D9AC1E0002A3769 /* ViewController.swift */,
				21943E671D9AC1E0002A3769 /* Main.storyboard */,
				21943E6A1D9AC1E0002A3769 /* Assets.xcassets */,
				21943E6C1D9AC1E0002A3769 /* LaunchScreen.storyboard */,
				21943E6F1D9AC1E0002A3769 /* Info.plist */,
			);
			path = "collaboration-test";
			sourceTree = "<group>";
		};
/* End PBXGroup section */

/* Begin PBXNativeTarget section */
		21943E5F1D9AC1DF002A3769 /* collaboration-test */ = {
			isa = PBXNativeTarget;
			buildConfigurationList = 21943E721D9AC1E0002A3769 /* Build configuration list for PBXNativeTarget "collaboration-test" */;
			buildPhases = (
				21943E5C1D9AC1DF002A3769 /* Sources */,
				21943E5D1D9AC1DF002A3769 /* Frameworks */,
				21943E5E1D9AC1DF002A3769 /* Resources */,
			);
			buildRules = (
			);
			dependencies = (
			);
			name = "collaboration-test";
			productName = "collaboration-test";
			productReference = 21943E601D9AC1DF002A3769 /* collaboration-test.app */;
			productType = "com.apple.product-type.application";
		};
/* End PBXNativeTarget section */

/* Begin PBXProject section */
		21943E581D9AC1DF002A3769 /* Project object */ = {
			isa = PBXProject;
			attributes = {
				LastSwiftUpdateCheck = 0800;
				LastUpgradeCheck = 0800;
				ORGANIZATIONNAME = "Jack Wright";
				TargetAttributes = {
					21943E5F1D9AC1DF002A3769 = {
						CreatedOnToolsVersion = 8.0;
						DevelopmentTeam = 7BATW2E53G;
						ProvisioningStyle = Automatic;
					};
				};
			};
			buildConfigurationList = 21943E5B1D9AC1DF002A3769 /* Build configuration list for PBXProject "collaboration-test" */;
			compatibilityVersion = "Xcode 3.2";
			developmentRegion = English;
			hasScannedForEncodings = 0;
			knownRegions = (
				en,
				Base,
			);
			mainGroup = 21943E571D9AC1DF002A3769;
			productRefGroup = 21943E611D9AC1DF002A3769 /* Products */;
			projectDirPath = "";
			projectRoot = "";
			targets = (
				21943E5F1D9AC1DF002A3769 /* collaboration-test */,
			);
		};
/* End PBXProject section */

/* Begin PBXResourcesBuildPhase section */
		21943E5E1D9AC1DF002A3769 /* Resources */ = {
			isa = PBXResourcesBuildPhase;
			buildActionMask = 2147483647;
			files = (
				21943E6E1D9AC1E0002A3769 /* LaunchScreen.storyboard in Resources */,
				21943E6B1D9AC1E0002A3769 /* Assets.xcassets in Resources */,
				21943E691D9AC1E0002A3769 /* Main.storyboard in Resources */,
			);
			runOnlyForDeploymentPostprocessing = 0;
		};
/* End PBXResourcesBuildPhase section */

/* Begin PBXSourcesBuildPhase section */
		21943E5C1D9AC1DF002A3769 /* Sources */ = {
			isa = PBXSourcesBuildPhase;
			buildActionMask = 2147483647;
			files = (
				21943E661D9AC1E0002A3769 /* ViewController.swift in Sources */,
				21943E641D9AC1E0002A3769 /* AppDelegate.swift in Sources */,
			);
			runOnlyForDeploymentPostprocessing = 0;
		};
/* End PBXSourcesBuildPhase section */

/* Begin PBXVariantGroup section */
		21943E671D9AC1E0002A3769 /* Main.storyboard */ = {
			isa = PBXVariantGroup;
			children = (
				21943E681D9AC1E0002A3769 /* Base */,
			);
			name = Main.storyboard;
			sourceTree = "<group>";
		};
		21943E6C1D9AC1E0002A3769 /* LaunchScreen.storyboard */ = {
			isa = PBXVariantGroup;
			children = (
				21943E6D1D9AC1E0002A3769 /* Base */,
			);
			name = LaunchScreen.storyboard;
			sourceTree = "<group>";
		};
/* End PBXVariantGroup section */

/* Begin XCBuildConfiguration section */
		21943E701D9AC1E0002A3769 /* Debug */ = {
			isa = XCBuildConfiguration;
			buildSettings = {
				ALWAYS_SEARCH_USER_PATHS = NO;
				CLANG_ANALYZER_NONNULL = YES;
				CLANG_CXX_LANGUAGE_STANDARD = "gnu++0x";
				CLANG_CXX_LIBRARY = "libc++";
				CLANG_ENABLE_MODULES = YES;
				CLANG_ENABLE_OBJC_ARC = YES;
				CLANG_WARN_BOOL_CONVERSION = YES;
				CLANG_WARN_CONSTANT_CONVERSION = YES;
				CLANG_WARN_DIRECT_OBJC_ISA_USAGE = YES_ERROR;
				CLANG_WARN_DOCUMENTATION_COMMENTS = YES;
				CLANG_WARN_EMPTY_BODY = YES;
				CLANG_WARN_ENUM_CONVERSION = YES;
				CLANG_WARN_INFINITE_RECURSION = YES;
				CLANG_WARN_INT_CONVERSION = YES;
				CLANG_WARN_OBJC_ROOT_CLASS = YES_ERROR;
				CLANG_WARN_SUSPICIOUS_MOVES = YES;
				CLANG_WARN_UNREACHABLE_CODE = YES;
				CLANG_WARN__DUPLICATE_METHOD_MATCH = YES;
				"CODE_SIGN_IDENTITY[sdk=iphoneos*]" = "iPhone Developer";
				COPY_PHASE_STRIP = NO;
				DEBUG_INFORMATION_FORMAT = dwarf;
				ENABLE_STRICT_OBJC_MSGSEND = YES;
				ENABLE_TESTABILITY = YES;
				GCC_C_LANGUAGE_STANDARD = gnu99;
				GCC_DYNAMIC_NO_PIC = NO;
				GCC_NO_COMMON_BLOCKS = YES;
				GCC_OPTIMIZATION_LEVEL = 0;
				GCC_PREPROCESSOR_DEFINITIONS = (
					"DEBUG=1",
					"$(inherited)",
				);
				GCC_WARN_64_TO_32_BIT_CONVERSION = YES;
				GCC_WARN_ABOUT_RETURN_TYPE = YES_ERROR;
				GCC_WARN_UNDECLARED_SELECTOR = YES;
				GCC_WARN_UNINITIALIZED_AUTOS = YES_AGGRESSIVE;
				GCC_WARN_UNUSED_FUNCTION = YES;
				GCC_WARN_UNUSED_VARIABLE = YES;
				IPHONEOS_DEPLOYMENT_TARGET = 10.0;
				MTL_ENABLE_DEBUG_INFO = YES;
				ONLY_ACTIVE_ARCH = YES;
				SDKROOT = iphoneos;
				SWIFT_ACTIVE_COMPILATION_CONDITIONS = DEBUG;
				SWIFT_OPTIMIZATION_LEVEL = "-Onone";
				TARGETED_DEVICE_FAMILY = "1,2";
			};
			name = Debug;
		};
		21943E711D9AC1E0002A3769 /* Release */ = {
			isa = XCBuildConfiguration;
			buildSettings = {
				ALWAYS_SEARCH_USER_PATHS = NO;
				CLANG_ANALYZER_NONNULL = YES;
				CLANG_CXX_LANGUAGE_STANDARD = "gnu++0x";
				CLANG_CXX_LIBRARY = "libc++";
				CLANG_ENABLE_MODULES = YES;
				CLANG_ENABLE_OBJC_ARC = YES;
				CLANG_WARN_BOOL_CONVERSION = YES;
				CLANG_WARN_CONSTANT_CONVERSION = YES;
				CLANG_WARN_DIRECT_OBJC_ISA_USAGE = YES_ERROR;
				CLANG_WARN_DOCUMENTATION_COMMENTS = YES;
				CLANG_WARN_EMPTY_BODY = YES;
				CLANG_WARN_ENUM_CONVERSION = YES;
				CLANG_WARN_INFINITE_RECURSION = YES;
				CLANG_WARN_INT_CONVERSION = YES;
				CLANG_WARN_OBJC_ROOT_CLASS = YES_ERROR;
				CLANG_WARN_SUSPICIOUS_MOVES = YES;
				CLANG_WARN_UNREACHABLE_CODE = YES;
				CLANG_WARN__DUPLICATE_METHOD_MATCH = YES;
				"CODE_SIGN_IDENTITY[sdk=iphoneos*]" = "iPhone Developer";
				COPY_PHASE_STRIP = NO;
				DEBUG_INFORMATION_FORMAT = "dwarf-with-dsym";
				ENABLE_NS_ASSERTIONS = NO;
				ENABLE_STRICT_OBJC_MSGSEND = YES;
				GCC_C_LANGUAGE_STANDARD = gnu99;
				GCC_NO_COMMON_BLOCKS = YES;
				GCC_WARN_64_TO_32_BIT_CONVERSION = YES;
				GCC_WARN_ABOUT_RETURN_TYPE = YES_ERROR;
				GCC_WARN_UNDECLARED_SELECTOR = YES;
				GCC_WARN_UNINITIALIZED_AUTOS = YES_AGGRESSIVE;
				GCC_WARN_UNUSED_FUNCTION = YES;
				GCC_WARN_UNUSED_VARIABLE = YES;
				IPHONEOS_DEPLOYMENT_TARGET = 10.0;
				MTL_ENABLE_DEBUG_INFO = NO;
				SDKROOT = iphoneos;
				SWIFT_OPTIMIZATION_LEVEL = "-Owholemodule";
				TARGETED_DEVICE_FAMILY = "1,2";
				VALIDATE_PRODUCT = YES;
			};
			name = Release;
		};
		21943E731D9AC1E0002A3769 /* Debug */ = {
			isa = XCBuildConfiguration;
			buildSettings = {
				ASSETCATALOG_COMPILER_APPICON_NAME = AppIcon;
				DEVELOPMENT_TEAM = 7BATW2E53G;
				INFOPLIST_FILE = "collaboration-test/Info.plist";
				LD_RUNPATH_SEARCH_PATHS = "$(inherited) @executable_path/Frameworks";
				PRODUCT_BUNDLE_IDENTIFIER = "com.jackcraft.collaboration-test";
				PRODUCT_NAME = "$(TARGET_NAME)";
				SWIFT_VERSION = 3.0;
			};
			name = Debug;
		};
		21943E741D9AC1E0002A3769 /* Release */ = {
			isa = XCBuildConfiguration;
			buildSettings = {
				ASSETCATALOG_COMPILER_APPICON_NAME = AppIcon;
				DEVELOPMENT_TEAM = 7BATW2E53G;
				INFOPLIST_FILE = "collaboration-test/Info.plist";
				LD_RUNPATH_SEARCH_PATHS = "$(inherited) @executable_path/Frameworks";
				PRODUCT_BUNDLE_IDENTIFIER = "com.jackcraft.collaboration-test";
				PRODUCT_NAME = "$(TARGET_NAME)";
				SWIFT_VERSION = 3.0;
			};
			name = Release;
		};
/* End XCBuildConfiguration section */

/* Begin XCConfigurationList section */
		21943E5B1D9AC1DF002A3769 /* Build configuration list for PBXProject "collaboration-test" */ = {
			isa = XCConfigurationList;
			buildConfigurations = (
				21943E701D9AC1E0002A3769 /* Debug */,
				21943E711D9AC1E0002A3769 /* Release */,
			);
			defaultConfigurationIsVisible = 0;
			defaultConfigurationName = Release;
		};
		21943E721D9AC1E0002A3769 /* Build configuration list for PBXNativeTarget "collaboration-test" */ = {
			isa = XCConfigurationList;
			buildConfigurations = (
				21943E731D9AC1E0002A3769 /* Debug */,
				21943E741D9AC1E0002A3769 /* Release */,
			);
			defaultConfigurationIsVisible = 0;
		};
/* End XCConfigurationList section */
	};
	rootObject = 21943E581D9AC1DF002A3769 /* Project object */;
}
